
Microsoft Visual Studio Solution File, Format Version 12.00
# Visual Studio Version 17
VisualStudioVersion = 17.14.36202.13
MinimumVisualStudioVersion = 10.0.40219.1
Project("{FAE04EC0-301F-11D3-BF4B-00C04F79EFBC}") = "DeliveryAPI", "DeliveryAPI\DeliveryAPI.csproj", "{61FC4D50-BA88-44F9-8C38-F75C85D63056}"
EndProject
Project("{FAE04EC0-301F-11D3-BF4B-00C04F79EFBC}") = "DeliveryAPI.DTO", "DeliveryAPI.DTO\DeliveryAPI.DTO.csproj", "{D52000F9-DB82-45DC-B659-5E3677FC8A98}"
EndProject
Project("{FAE04EC0-301F-11D3-BF4B-00C04F79EFBC}") = "DeliveryDesktop", "DeliveryDesktop\DeliveryDesktop.csproj", "{5F139EE2-0C4D-4E0A-9506-9C65365A261F}"
EndProject
Project("{E53339B2-1760-4266-BCC7-CA923CBCF16C}") = "docker-compose", "docker-compose.dcproj", "{81DDED9D-158B-E303-5F62-77A2896D2A5A}"
EndProject
Global
	GlobalSection(SolutionConfigurationPlatforms) = preSolution
		Debug|Any CPU = Debug|Any CPU
		Release|Any CPU = Release|Any CPU
	EndGlobalSection
	GlobalSection(ProjectConfigurationPlatforms) = postSolution
		{61FC4D50-BA88-44F9-8C38-F75C85D63056}.Debug|Any CPU.ActiveCfg = Debug|Any CPU
		{61FC4D50-BA88-44F9-8C38-F75C85D63056}.Debug|Any CPU.Build.0 = Debug|Any CPU
		{61FC4D50-BA88-44F9-8C38-F75C85D63056}.Release|Any CPU.ActiveCfg = Release|Any CPU
		{61FC4D50-BA88-44F9-8C38-F75C85D63056}.Release|Any CPU.Build.0 = Release|Any CPU
		{D52000F9-DB82-45DC-B659-5E3677FC8A98}.Debug|Any CPU.ActiveCfg = Debug|Any CPU
		{D52000F9-DB82-45DC-B659-5E3677FC8A98}.Debug|Any CPU.Build.0 = Debug|Any CPU
		{D52000F9-DB82-45DC-B659-5E3677FC8A98}.Release|Any CPU.ActiveCfg = Release|Any CPU
		{D52000F9-DB82-45DC-B659-5E3677FC8A98}.Release|Any CPU.Build.0 = Release|Any CPU
		{5F139EE2-0C4D-4E0A-9506-9C65365A261F}.Debug|Any CPU.ActiveCfg = Debug|Any CPU
		{5F139EE2-0C4D-4E0A-9506-9C65365A261F}.Debug|Any CPU.Build.0 = Debug|Any CPU
		{5F139EE2-0C4D-4E0A-9506-9C65365A261F}.Release|Any CPU.ActiveCfg = Release|Any CPU
		{5F139EE2-0C4D-4E0A-9506-9C65365A261F}.Release|Any CPU.Build.0 = Release|Any CPU
		{81DDED9D-158B-E303-5F62-77A2896D2A5A}.Debug|Any CPU.ActiveCfg = Debug|Any CPU
		{81DDED9D-158B-E303-5F62-77A2896D2A5A}.Debug|Any CPU.Build.0 = Debug|Any CPU
		{81DDED9D-158B-E303-5F62-77A2896D2A5A}.Release|Any CPU.ActiveCfg = Release|Any CPU
		{81DDED9D-158B-E303-5F62-77A2896D2A5A}.Release|Any CPU.Build.0 = Release|Any CPU
	EndGlobalSection
	GlobalSection(SolutionProperties) = preSolution
		HideSolutionNode = FALSE
	EndGlobalSection
	GlobalSection(ExtensibilityGlobals) = postSolution
		SolutionGuid = {F0D3ACCA-AC4C-49E3-AEAA-B9BC2327A432}
	EndGlobalSection
EndGlobal
